<?xml version="1.0" encoding="utf-8"?>
<Project ToolsVersion="4.0" xmlns="http://schemas.microsoft.com/developer/msbuild/2003">
  <ItemGroup>
    <Filter Include="Source Files">
      <UniqueIdentifier>{4FC737F1-C7A5-4376-A066-2A32D752A2FF}</UniqueIdentifier>
      <Extensions>cpp;c;cc;cxx;def;odl;idl;hpj;bat;asm;asmx</Extensions>
    </Filter>
    <Filter Include="Header Files">
      <UniqueIdentifier>{93995380-89BD-4b04-88EB-625FBE52EBFB}</UniqueIdentifier>
      <Extensions>h;hh;hpp;hxx;hm;inl;inc;xsd</Extensions>
    </Filter>
  </ItemGroup>
  <ItemGroup>
    <ClCompile Include="..\src\bitpacking.cpp">
      <Filter>Source Files</Filter>
    </ClCompile>
    <ClCompile Include="..\src\for.c">
      <Filter>Source Files</Filter>
    </ClCompile>
    <ClCompile Include="..\src\frameofreference.cpp">
      <Filter>Source Files</Filter>
    </ClCompile>
    <ClCompile Include="..\src\integratedbitpacking.cpp">
      <Filter>Source Files</Filter>
    </ClCompile>
    <ClCompile Include="..\src\intersection.cpp">
      <Filter>Source Files</Filter>
    </ClCompile>
    <ClCompile Include="..\src\simdbitpacking.cpp">
      <Filter>Source Files</Filter>
    </ClCompile>
    <ClCompile Include="..\src\simdintegratedbitpacking.cpp">
      <Filter>Source Files</Filter>
    </ClCompile>
    <ClCompile Include="..\src\simdpackedsearch.c">
      <Filter>Source Files</Filter>
    </ClCompile>
    <ClCompile Include="..\src\simdpackedselect.c">
      <Filter>Source Files</Filter>
    </ClCompile>
    <ClCompile Include="..\src\streamvbyte.c">
      <Filter>Source Files</Filter>
    </ClCompile>
    <ClCompile Include="..\src\usimdbitpacking.cpp">
      <Filter>Source Files</Filter>
    </ClCompile>
    <ClCompile Include="..\src\varintdecode.c">
      <Filter>Source Files</Filter>
    </ClCompile>
  </ItemGroup>
  <ItemGroup>
    <ClInclude Include="..\include\bitpacking.h">
      <Filter>Header Files</Filter>
    </ClInclude>
    <ClInclude Include="..\include\delta.h">
      <Filter>Header Files</Filter>
    </ClInclude>
    <ClInclude Include="..\include\intersection.h">
      <Filter>Header Files</Filter>
    </ClInclude>
    <ClInclude Include="..\include\simdbitpacking.h">
      <Filter>Header Files</Filter>
    </ClInclude>
    <ClInclude Include="..\include\usimdbitpacking.h">
      <Filter>Header Files</Filter>
    </ClInclude>
    <ClInclude Include="..\include\common.h">
      <Filter>Header Files</Filter>
    </ClInclude>
    <ClInclude Include="..\include\integratedbitpacking.h">
      <Filter>Header Files</Filter>
    </ClInclude>
    <ClInclude Include="..\include\frameofreference.h">
      <Filter>Header Files</Filter>
    </ClInclude>
    <ClInclude Include="..\include\simdbitpackinghelpers.h">
      <Filter>Header Files</Filter>
    </ClInclude>
    <ClInclude Include="..\include\simdintegratedbitpacking.h">
      <Filter>Header Files</Filter>
    </ClInclude>
    <ClInclude Include="..\include\platform.h">
      <Filter>Header Files</Filter>
    </ClInclude>
    <ClInclude Include="..\include\bitpackinghelpers.h">
      <Filter>Header Files</Filter>
    </ClInclude>
    <ClInclude Include="..\include\deltatemplates.h">
      <Filter>Header Files</Filter>
    </ClInclude>
    <ClInclude Include="..\include\codecs.h">
      <Filter>Header Files</Filter>
    </ClInclude>
    <ClInclude Include="..\include\for.h">
      <Filter>Header Files</Filter>
    </ClInclude>
  </ItemGroup>
</Project>